
Microsoft Visual Studio Solution File, Format Version 12.00
# Visual Studio Version 17
VisualStudioVersion = 17.3.32929.385
MinimumVisualStudioVersion = 10.0.40219.1
Project("{FAE04EC0-301F-11D3-BF4B-00C04F79EFBC}") = "ParteALaboratorio6", "ParteALaboratorio6\ParteALaboratorio6.csproj", "{8634F8A4-7EF5-4872-9055-8326063AB5C7}"
EndProject
Project("{FAE04EC0-301F-11D3-BF4B-00C04F79EFBC}") = "TestProject1", "TestProject1\TestProject1.csproj", "{02247E01-985D-44EE-9645-013D1F702A2F}"
EndProject
Global
	GlobalSection(SolutionConfigurationPlatforms) = preSolution
		Debug|Any CPU = Debug|Any CPU
		Release|Any CPU = Release|Any CPU
	EndGlobalSection
	GlobalSection(ProjectConfigurationPlatforms) = postSolution
		{8634F8A4-7EF5-4872-9055-8326063AB5C7}.Debug|Any CPU.ActiveCfg = Debug|Any CPU
		{8634F8A4-7EF5-4872-9055-8326063AB5C7}.Debug|Any CPU.Build.0 = Debug|Any CPU
		{8634F8A4-7EF5-4872-9055-8326063AB5C7}.Release|Any CPU.ActiveCfg = Release|Any CPU
		{8634F8A4-7EF5-4872-9055-8326063AB5C7}.Release|Any CPU.Build.0 = Release|Any CPU
		{02247E01-985D-44EE-9645-013D1F702A2F}.Debug|Any CPU.ActiveCfg = Debug|Any CPU
		{02247E01-985D-44EE-9645-013D1F702A2F}.Debug|Any CPU.Build.0 = Debug|Any CPU
		{02247E01-985D-44EE-9645-013D1F702A2F}.Release|Any CPU.ActiveCfg = Release|Any CPU
		{02247E01-985D-44EE-9645-013D1F702A2F}.Release|Any CPU.Build.0 = Release|Any CPU
	EndGlobalSection
	GlobalSection(SolutionProperties) = preSolution
		HideSolutionNode = FALSE
	EndGlobalSection
	GlobalSection(ExtensibilityGlobals) = postSolution
		SolutionGuid = {D3217192-2657-42A8-AFC8-A9808525B2ED}
	EndGlobalSection
EndGlobal
